
Microsoft Visual Studio Solution File, Format Version 12.00
# Visual Studio Version 16
VisualStudioVersion = 16.0.30309.148
MinimumVisualStudioVersion = 10.0.40219.1
Project("{FAE04EC0-301F-11D3-BF4B-00C04F79EFBC}") = "Homework", "Homework\Homework.csproj", "{6CF2DAC4-270C-463F-A3EA-788C51C2B767}"
EndProject
Project("{FAE04EC0-301F-11D3-BF4B-00C04F79EFBC}") = "VersionWPF", "VersionWPF\VersionWPF.csproj", "{C95A8594-7BAF-4C6F-B5CE-86065E8288AE}"
EndProject
Project("{9A19103F-16F7-4668-BE54-9A1E7A4F7556}") = "1-Performance-Profiler", "1-Performance-Profiler\1-Performance-Profiler.csproj", "{87430246-3EA1-4B45-8A27-E3CAD5DD16D5}"
EndProject
Project("{9A19103F-16F7-4668-BE54-9A1E7A4F7556}") = "2-Newton-Root", "2-Newton-Root\2-Newton-Root.csproj", "{56B37D3D-BEC3-4B0C-972A-1783CCE37BB8}"
EndProject
Project("{9A19103F-16F7-4668-BE54-9A1E7A4F7556}") = "Task2DecimalToBinary", "Task2DecimalToBinary\Task2DecimalToBinary.csproj", "{80A8E867-D2F3-4A5A-A5AE-89AEC19BF38B}"
EndProject
Project("{9A19103F-16F7-4668-BE54-9A1E7A4F7556}") = "Task3CommonDivisor", "Task3CommonDivisor\Task3CommonDivisor.csproj", "{E7D827F3-413E-4E8F-898E-BCBD9E5495C4}"
EndProject
Project("{9A19103F-16F7-4668-BE54-9A1E7A4F7556}") = "Task3CommonDivisor.Tests", "Task3CommonDivisor.Tests\Task3CommonDivisor.Tests.csproj", "{F2C10ABD-76BB-46A9-B523-51EF0044230D}"
EndProject
Project("{FAE04EC0-301F-11D3-BF4B-00C04F79EFBC}") = "HomeworkTest", "HomeworkTest\HomeworkTest.csproj", "{AA794511-9F80-4CB5-BFE3-C24ED59122C3}"
EndProject
Project("{FAE04EC0-301F-11D3-BF4B-00C04F79EFBC}") = "HomeworkForMoq", "HomeworkForMoq\HomeworkForMoq.csproj", "{8668CF16-988B-4C34-9946-898EFDF859C6}"
EndProject
Project("{FAE04EC0-301F-11D3-BF4B-00C04F79EFBC}") = "HomeworkForMoqTests1", "HomeworkForMoqTests1\HomeworkForMoqTests1.csproj", "{32FFBA98-2AD8-4BE4-B2A0-78060099E428}"
EndProject
Project("{9A19103F-16F7-4668-BE54-9A1E7A4F7556}") = "Task4Triangle", "Task4Triangle\Task4Triangle.csproj", "{EF947E75-2420-4717-A69B-3680ADE59B2B}"
EndProject
Project("{9A19103F-16F7-4668-BE54-9A1E7A4F7556}") = "Task4Triangle.Tests", "Task4Triangle.Tests\Task4Triangle.Tests.csproj", "{C45A1B9E-1688-4EFE-8DD1-D5B9BA4BBD5F}"
EndProject
Project("{9A19103F-16F7-4668-BE54-9A1E7A4F7556}") = "Task5Vector", "Task5Vector\Task5Vector.csproj", "{6AB848DF-99A5-46DB-BBC3-2916700381DA}"
EndProject
Project("{9A19103F-16F7-4668-BE54-9A1E7A4F7556}") = "Task5Vector.Tests", "Task5Vector.Tests\Task5Vector.Tests.csproj", "{55493A82-E306-4751-B23D-E3D3EB9765A4}"
EndProject
Project("{FAE04EC0-301F-11D3-BF4B-00C04F79EFBC}") = "Task6Interface", "Task6Interface\Task6Interface.csproj", "{5CD9486A-B77C-4854-A4C4-941BA0CE2894}"
EndProject
Project("{FAE04EC0-301F-11D3-BF4B-00C04F79EFBC}") = "Task7Exeptions", "Task7Exeptions\Task7Exeptions.csproj", "{27DF54B1-E0A2-4BF4-8263-F86D882DE626}"
EndProject
Project("{FAE04EC0-301F-11D3-BF4B-00C04F79EFBC}") = "Task7Exeptions.Tests", "Task7Exeptions.Tests\Task7Exeptions.Tests.csproj", "{2280A3A5-AECA-4F58-A846-4BE7E734586F}"
EndProject
Project("{FAE04EC0-301F-11D3-BF4B-00C04F79EFBC}") = "Task10DelegatesAndEvents", "Task10DelegatesAndEvents\Task10DelegatesAndEvents.csproj", "{308FD40B-76A9-4E81-AADC-61AA89FEE3D8}"
EndProject
Project("{FAE04EC0-301F-11D3-BF4B-00C04F79EFBC}") = "Task11Collections", "Task11Collections\Task11Collections.csproj", "{541C589C-6756-4911-8448-E7B0828A2F83}"
EndProject
Project("{FAE04EC0-301F-11D3-BF4B-00C04F79EFBC}") = "Task11AbstractFactory", "Task11AbstractFactory\Task11AbstractFactory.csproj", "{90A27599-40F7-44B9-925F-7D3C217D33D4}"
EndProject
Global
	GlobalSection(SolutionConfigurationPlatforms) = preSolution
		Debug|Any CPU = Debug|Any CPU
		Release|Any CPU = Release|Any CPU
	EndGlobalSection
	GlobalSection(ProjectConfigurationPlatforms) = postSolution
		{6CF2DAC4-270C-463F-A3EA-788C51C2B767}.Debug|Any CPU.ActiveCfg = Debug|Any CPU
		{6CF2DAC4-270C-463F-A3EA-788C51C2B767}.Debug|Any CPU.Build.0 = Debug|Any CPU
		{6CF2DAC4-270C-463F-A3EA-788C51C2B767}.Release|Any CPU.ActiveCfg = Release|Any CPU
		{6CF2DAC4-270C-463F-A3EA-788C51C2B767}.Release|Any CPU.Build.0 = Release|Any CPU
		{C95A8594-7BAF-4C6F-B5CE-86065E8288AE}.Debug|Any CPU.ActiveCfg = Debug|Any CPU
		{C95A8594-7BAF-4C6F-B5CE-86065E8288AE}.Debug|Any CPU.Build.0 = Debug|Any CPU
		{C95A8594-7BAF-4C6F-B5CE-86065E8288AE}.Release|Any CPU.ActiveCfg = Release|Any CPU
		{C95A8594-7BAF-4C6F-B5CE-86065E8288AE}.Release|Any CPU.Build.0 = Release|Any CPU
		{87430246-3EA1-4B45-8A27-E3CAD5DD16D5}.Debug|Any CPU.ActiveCfg = Debug|Any CPU
		{87430246-3EA1-4B45-8A27-E3CAD5DD16D5}.Debug|Any CPU.Build.0 = Debug|Any CPU
		{87430246-3EA1-4B45-8A27-E3CAD5DD16D5}.Release|Any CPU.ActiveCfg = Release|Any CPU
		{87430246-3EA1-4B45-8A27-E3CAD5DD16D5}.Release|Any CPU.Build.0 = Release|Any CPU
		{56B37D3D-BEC3-4B0C-972A-1783CCE37BB8}.Debug|Any CPU.ActiveCfg = Debug|Any CPU
		{56B37D3D-BEC3-4B0C-972A-1783CCE37BB8}.Debug|Any CPU.Build.0 = Debug|Any CPU
		{56B37D3D-BEC3-4B0C-972A-1783CCE37BB8}.Release|Any CPU.ActiveCfg = Release|Any CPU
		{56B37D3D-BEC3-4B0C-972A-1783CCE37BB8}.Release|Any CPU.Build.0 = Release|Any CPU
		{80A8E867-D2F3-4A5A-A5AE-89AEC19BF38B}.Debug|Any CPU.ActiveCfg = Debug|Any CPU
		{80A8E867-D2F3-4A5A-A5AE-89AEC19BF38B}.Debug|Any CPU.Build.0 = Debug|Any CPU
		{80A8E867-D2F3-4A5A-A5AE-89AEC19BF38B}.Release|Any CPU.ActiveCfg = Release|Any CPU
		{80A8E867-D2F3-4A5A-A5AE-89AEC19BF38B}.Release|Any CPU.Build.0 = Release|Any CPU
		{E7D827F3-413E-4E8F-898E-BCBD9E5495C4}.Debug|Any CPU.ActiveCfg = Debug|Any CPU
		{E7D827F3-413E-4E8F-898E-BCBD9E5495C4}.Debug|Any CPU.Build.0 = Debug|Any CPU
		{E7D827F3-413E-4E8F-898E-BCBD9E5495C4}.Release|Any CPU.ActiveCfg = Release|Any CPU
		{E7D827F3-413E-4E8F-898E-BCBD9E5495C4}.Release|Any CPU.Build.0 = Release|Any CPU
		{F2C10ABD-76BB-46A9-B523-51EF0044230D}.Debug|Any CPU.ActiveCfg = Debug|Any CPU
		{F2C10ABD-76BB-46A9-B523-51EF0044230D}.Debug|Any CPU.Build.0 = Debug|Any CPU
		{F2C10ABD-76BB-46A9-B523-51EF0044230D}.Release|Any CPU.ActiveCfg = Release|Any CPU
		{F2C10ABD-76BB-46A9-B523-51EF0044230D}.Release|Any CPU.Build.0 = Release|Any CPU
		{AA794511-9F80-4CB5-BFE3-C24ED59122C3}.Debug|Any CPU.ActiveCfg = Debug|Any CPU
		{AA794511-9F80-4CB5-BFE3-C24ED59122C3}.Debug|Any CPU.Build.0 = Debug|Any CPU
		{AA794511-9F80-4CB5-BFE3-C24ED59122C3}.Release|Any CPU.ActiveCfg = Release|Any CPU
		{AA794511-9F80-4CB5-BFE3-C24ED59122C3}.Release|Any CPU.Build.0 = Release|Any CPU
		{8668CF16-988B-4C34-9946-898EFDF859C6}.Debug|Any CPU.ActiveCfg = Debug|Any CPU
		{8668CF16-988B-4C34-9946-898EFDF859C6}.Debug|Any CPU.Build.0 = Debug|Any CPU
		{8668CF16-988B-4C34-9946-898EFDF859C6}.Release|Any CPU.ActiveCfg = Release|Any CPU
		{8668CF16-988B-4C34-9946-898EFDF859C6}.Release|Any CPU.Build.0 = Release|Any CPU
		{32FFBA98-2AD8-4BE4-B2A0-78060099E428}.Debug|Any CPU.ActiveCfg = Debug|Any CPU
		{32FFBA98-2AD8-4BE4-B2A0-78060099E428}.Debug|Any CPU.Build.0 = Debug|Any CPU
		{32FFBA98-2AD8-4BE4-B2A0-78060099E428}.Release|Any CPU.ActiveCfg = Release|Any CPU
		{32FFBA98-2AD8-4BE4-B2A0-78060099E428}.Release|Any CPU.Build.0 = Release|Any CPU
		{EF947E75-2420-4717-A69B-3680ADE59B2B}.Debug|Any CPU.ActiveCfg = Debug|Any CPU
		{EF947E75-2420-4717-A69B-3680ADE59B2B}.Debug|Any CPU.Build.0 = Debug|Any CPU
		{EF947E75-2420-4717-A69B-3680ADE59B2B}.Release|Any CPU.ActiveCfg = Release|Any CPU
		{EF947E75-2420-4717-A69B-3680ADE59B2B}.Release|Any CPU.Build.0 = Release|Any CPU
		{C45A1B9E-1688-4EFE-8DD1-D5B9BA4BBD5F}.Debug|Any CPU.ActiveCfg = Debug|Any CPU
		{C45A1B9E-1688-4EFE-8DD1-D5B9BA4BBD5F}.Debug|Any CPU.Build.0 = Debug|Any CPU
		{C45A1B9E-1688-4EFE-8DD1-D5B9BA4BBD5F}.Release|Any CPU.ActiveCfg = Release|Any CPU
		{C45A1B9E-1688-4EFE-8DD1-D5B9BA4BBD5F}.Release|Any CPU.Build.0 = Release|Any CPU
		{6AB848DF-99A5-46DB-BBC3-2916700381DA}.Debug|Any CPU.ActiveCfg = Debug|Any CPU
		{6AB848DF-99A5-46DB-BBC3-2916700381DA}.Debug|Any CPU.Build.0 = Debug|Any CPU
		{6AB848DF-99A5-46DB-BBC3-2916700381DA}.Release|Any CPU.ActiveCfg = Release|Any CPU
		{6AB848DF-99A5-46DB-BBC3-2916700381DA}.Release|Any CPU.Build.0 = Release|Any CPU
		{55493A82-E306-4751-B23D-E3D3EB9765A4}.Debug|Any CPU.ActiveCfg = Debug|Any CPU
		{55493A82-E306-4751-B23D-E3D3EB9765A4}.Debug|Any CPU.Build.0 = Debug|Any CPU
		{55493A82-E306-4751-B23D-E3D3EB9765A4}.Release|Any CPU.ActiveCfg = Release|Any CPU
		{55493A82-E306-4751-B23D-E3D3EB9765A4}.Release|Any CPU.Build.0 = Release|Any CPU
		{5CD9486A-B77C-4854-A4C4-941BA0CE2894}.Debug|Any CPU.ActiveCfg = Debug|Any CPU
		{5CD9486A-B77C-4854-A4C4-941BA0CE2894}.Debug|Any CPU.Build.0 = Debug|Any CPU
		{5CD9486A-B77C-4854-A4C4-941BA0CE2894}.Release|Any CPU.ActiveCfg = Release|Any CPU
		{5CD9486A-B77C-4854-A4C4-941BA0CE2894}.Release|Any CPU.Build.0 = Release|Any CPU
		{27DF54B1-E0A2-4BF4-8263-F86D882DE626}.Debug|Any CPU.ActiveCfg = Debug|Any CPU
		{27DF54B1-E0A2-4BF4-8263-F86D882DE626}.Debug|Any CPU.Build.0 = Debug|Any CPU
		{27DF54B1-E0A2-4BF4-8263-F86D882DE626}.Release|Any CPU.ActiveCfg = Release|Any CPU
		{27DF54B1-E0A2-4BF4-8263-F86D882DE626}.Release|Any CPU.Build.0 = Release|Any CPU
		{2280A3A5-AECA-4F58-A846-4BE7E734586F}.Debug|Any CPU.ActiveCfg = Debug|Any CPU
		{2280A3A5-AECA-4F58-A846-4BE7E734586F}.Debug|Any CPU.Build.0 = Debug|Any CPU
		{2280A3A5-AECA-4F58-A846-4BE7E734586F}.Release|Any CPU.ActiveCfg = Release|Any CPU
		{2280A3A5-AECA-4F58-A846-4BE7E734586F}.Release|Any CPU.Build.0 = Release|Any CPU
		{308FD40B-76A9-4E81-AADC-61AA89FEE3D8}.Debug|Any CPU.ActiveCfg = Debug|Any CPU
		{308FD40B-76A9-4E81-AADC-61AA89FEE3D8}.Debug|Any CPU.Build.0 = Debug|Any CPU
		{308FD40B-76A9-4E81-AADC-61AA89FEE3D8}.Release|Any CPU.ActiveCfg = Release|Any CPU
		{308FD40B-76A9-4E81-AADC-61AA89FEE3D8}.Release|Any CPU.Build.0 = Release|Any CPU
		{541C589C-6756-4911-8448-E7B0828A2F83}.Debug|Any CPU.ActiveCfg = Debug|Any CPU
		{541C589C-6756-4911-8448-E7B0828A2F83}.Debug|Any CPU.Build.0 = Debug|Any CPU
		{541C589C-6756-4911-8448-E7B0828A2F83}.Release|Any CPU.ActiveCfg = Release|Any CPU
		{541C589C-6756-4911-8448-E7B0828A2F83}.Release|Any CPU.Build.0 = Release|Any CPU
		{90A27599-40F7-44B9-925F-7D3C217D33D4}.Debug|Any CPU.ActiveCfg = Debug|Any CPU
		{90A27599-40F7-44B9-925F-7D3C217D33D4}.Debug|Any CPU.Build.0 = Debug|Any CPU
		{90A27599-40F7-44B9-925F-7D3C217D33D4}.Release|Any CPU.ActiveCfg = Release|Any CPU
		{90A27599-40F7-44B9-925F-7D3C217D33D4}.Release|Any CPU.Build.0 = Release|Any CPU
	EndGlobalSection
	GlobalSection(SolutionProperties) = preSolution
		HideSolutionNode = FALSE
	EndGlobalSection
	GlobalSection(ExtensibilityGlobals) = postSolution
		SolutionGuid = {C926F410-EC0D-423C-A0BF-ADE6819896A7}
	EndGlobalSection
EndGlobal
